
Microsoft Visual Studio Solution File, Format Version 12.00
# Visual Studio 15
Project("{FAE04EC0-301F-11D3-BF4B-00C04F79EFBC}") = "Day2", "Day2\Day2.csproj", "{D5EA8EC0-E103-43A6-BD1B-A854BE9D6CDB}"
EndProject
Global
	GlobalSection(SolutionConfigurationPlatforms) = preSolution
		Debug|Any CPU = Debug|Any CPU
		Release|Any CPU = Release|Any CPU
	EndGlobalSection
	GlobalSection(ProjectConfigurationPlatforms) = postSolution
		{D5EA8EC0-E103-43A6-BD1B-A854BE9D6CDB}.Debug|Any CPU.ActiveCfg = Debug|Any CPU
		{D5EA8EC0-E103-43A6-BD1B-A854BE9D6CDB}.Debug|Any CPU.Build.0 = Debug|Any CPU
		{D5EA8EC0-E103-43A6-BD1B-A854BE9D6CDB}.Release|Any CPU.ActiveCfg = Release|Any CPU
		{D5EA8EC0-E103-43A6-BD1B-A854BE9D6CDB}.Release|Any CPU.Build.0 = Release|Any CPU
	EndGlobalSection
EndGlobal
